
Microsoft Visual Studio Solution File, Format Version 11.00
# Visual Studio 2010
Project("{FAE04EC0-301F-11D3-BF4B-00C04F79EFBC}") = "OnlyConnect", "OnlyConnect.csproj", "{8E344E12-0656-AF67-AA4D-6EFD2389B5B1}"
EndProject
Project("{FAE04EC0-301F-11D3-BF4B-00C04F79EFBC}") = "OnlyConnect-Editor", "OnlyConnect-Editor.csproj", "{EDD9999E-DCAC-4138-26FA-69A166766A92}"
EndProject
Global
	GlobalSection(SolutionConfigurationPlatforms) = preSolution
		Debug|Any CPU = Debug|Any CPU
		Release|Any CPU = Release|Any CPU
	EndGlobalSection
	GlobalSection(ProjectConfigurationPlatforms) = postSolution
		{8E344E12-0656-AF67-AA4D-6EFD2389B5B1}.Debug|Any CPU.ActiveCfg = Debug|Any CPU
		{8E344E12-0656-AF67-AA4D-6EFD2389B5B1}.Debug|Any CPU.Build.0 = Debug|Any CPU
		{8E344E12-0656-AF67-AA4D-6EFD2389B5B1}.Release|Any CPU.ActiveCfg = Release|Any CPU
		{8E344E12-0656-AF67-AA4D-6EFD2389B5B1}.Release|Any CPU.Build.0 = Release|Any CPU
		{EDD9999E-DCAC-4138-26FA-69A166766A92}.Debug|Any CPU.ActiveCfg = Debug|Any CPU
		{EDD9999E-DCAC-4138-26FA-69A166766A92}.Debug|Any CPU.Build.0 = Debug|Any CPU
		{EDD9999E-DCAC-4138-26FA-69A166766A92}.Release|Any CPU.ActiveCfg = Release|Any CPU
		{EDD9999E-DCAC-4138-26FA-69A166766A92}.Release|Any CPU.Build.0 = Release|Any CPU
	EndGlobalSection
	GlobalSection(SolutionProperties) = preSolution
		HideSolutionNode = FALSE
	EndGlobalSection
	GlobalSection(MonoDevelopProperties) = preSolution
		StartupItem = OnlyConnect.csproj
	EndGlobalSection
EndGlobal
